
Microsoft Visual Studio Solution File, Format Version 12.00
# Visual Studio Version 16
VisualStudioVersion = 16.0.30611.23
MinimumVisualStudioVersion = 10.0.40219.1
Project("{FAE04EC0-301F-11D3-BF4B-00C04F79EFBC}") = "SSS.TestWeb", "SSS.TestWeb\SSS.TestWeb.csproj", "{8B087552-8D7E-49C8-A6B5-579BAF896DD2}"
EndProject
Project("{FAE04EC0-301F-11D3-BF4B-00C04F79EFBC}") = "SSS.DataAccess", "SSS.DataAccess\SSS.DataAccess.csproj", "{257A7AA0-21EF-45A4-B0F6-CE7E6349EB8D}"
EndProject
Global
	GlobalSection(SolutionConfigurationPlatforms) = preSolution
		Debug|Any CPU = Debug|Any CPU
		Release|Any CPU = Release|Any CPU
	EndGlobalSection
	GlobalSection(ProjectConfigurationPlatforms) = postSolution
		{8B087552-8D7E-49C8-A6B5-579BAF896DD2}.Debug|Any CPU.ActiveCfg = Debug|Any CPU
		{8B087552-8D7E-49C8-A6B5-579BAF896DD2}.Debug|Any CPU.Build.0 = Debug|Any CPU
		{8B087552-8D7E-49C8-A6B5-579BAF896DD2}.Release|Any CPU.ActiveCfg = Release|Any CPU
		{8B087552-8D7E-49C8-A6B5-579BAF896DD2}.Release|Any CPU.Build.0 = Release|Any CPU
		{257A7AA0-21EF-45A4-B0F6-CE7E6349EB8D}.Debug|Any CPU.ActiveCfg = Debug|Any CPU
		{257A7AA0-21EF-45A4-B0F6-CE7E6349EB8D}.Debug|Any CPU.Build.0 = Debug|Any CPU
		{257A7AA0-21EF-45A4-B0F6-CE7E6349EB8D}.Release|Any CPU.ActiveCfg = Release|Any CPU
		{257A7AA0-21EF-45A4-B0F6-CE7E6349EB8D}.Release|Any CPU.Build.0 = Release|Any CPU
	EndGlobalSection
	GlobalSection(SolutionProperties) = preSolution
		HideSolutionNode = FALSE
	EndGlobalSection
	GlobalSection(ExtensibilityGlobals) = postSolution
		SolutionGuid = {3C5652F5-51CA-4012-B5D4-40103189E81D}
	EndGlobalSection
EndGlobal
